{
  "name": "birthdate-saju-recommendations",
  "version": "1.0.0",
  "lockfileVersion": 3,
  "requires": true,
  "packages": {
    "": {
      "name": "birthdate-saju-recommendations",
      "version": "1.0.0",
      "dependencies": {
        "@sazuapp/client": "^0.2.0"
      }
    },
    "node_modules/@sazuapp/client": {
      "version": "0.2.0",
      "resolved": "https://registry.npmjs.org/@sazuapp/client/-/client-0.2.0.tgz",
      "integrity": "sha512-P6It6yJLZebk+nvCe2rAjabZ4b1hylTIm3b3o7V9eZBnwMAKlvWLkcy4CQc2zvYfExB9lvzGockjLEQCmL26gQ==",
      "license": "MIT",
      "engines": {
        "node": ">=18"
      }
    }
  }
}
